// !$*UTF8*$!
{
	archiveVersion = 1;
	classes = {
	};
	objectVersion = 50;
	objects = {

/* Begin PBXBuildFile section */
		7E1F6D76216F9441005CADBE /* SampleViewController.m in Sources */ = {isa = PBXBuildFile; fileRef = 7E1F6D71216F9440005CADBE /* SampleViewController.m */; };
		7E1F6D77216F9441005CADBE /* SampleAlignedLayout.m in Sources */ = {isa = PBXBuildFile; fileRef = 7E1F6D72216F9441005CADBE /* SampleAlignedLayout.m */; };
		7E1F6D78216F9441005CADBE /* SampleTagCell.m in Sources */ = {isa = PBXBuildFile; fileRef = 7E1F6D75216F9441005CADBE /* SampleTagCell.m */; };
		7E78FF0C216CDE220013ED9F /* MyCollectionView.m in Sources */ = {isa = PBXBuildFile; fileRef = 7E78FF0B216CDE220013ED9F /* MyCollectionView.m */; };
		7E78FF14216D03970013ED9F /* SemiModalPresentationController.m in Sources */ = {isa = PBXBuildFile; fileRef = 7E78FF13216D03970013ED9F /* SemiModalPresentationController.m */; };
		7E78FF17216D03B20013ED9F /* TableViewController.m in Sources */ = {isa = PBXBuildFile; fileRef = 7E78FF16216D03B20013ED9F /* TableViewController.m */; };
		7EFD6F81216E452200027384 /* AIMultiDelegate.m in Sources */ = {isa = PBXBuildFile; fileRef = 7EFD6F80216E452200027384 /* AIMultiDelegate.m */; };
		8459EED821746D5A00303525 /* SlideAnimatedTransitioning.m in Sources */ = {isa = PBXBuildFile; fileRef = 8459EED621746D5A00303525 /* SlideAnimatedTransitioning.m */; };
		8459EEDB21746FB400303525 /* BottomModalViewController.m in Sources */ = {isa = PBXBuildFile; fileRef = 8459EEDA21746FB400303525 /* BottomModalViewController.m */; };
		84758D3B215B7A1B00E56BCA /* CardCell.m in Sources */ = {isa = PBXBuildFile; fileRef = 84758D3A215B7A1B00E56BCA /* CardCell.m */; };
		84758D3E215B7A4100E56BCA /* WalletLayout.m in Sources */ = {isa = PBXBuildFile; fileRef = 84758D3D215B7A4100E56BCA /* WalletLayout.m */; };
		84758D41215B82BC00E56BCA /* CardLayoutAttributes.m in Sources */ = {isa = PBXBuildFile; fileRef = 84758D40215B82BC00E56BCA /* CardLayoutAttributes.m */; };
		84A397AE215F8A1800E9D15F /* NSLayoutConstraint+MASDebugAdditions.m in Sources */ = {isa = PBXBuildFile; fileRef = 84A39798215F8A1800E9D15F /* NSLayoutConstraint+MASDebugAdditions.m */; };
		84A397AF215F8A1800E9D15F /* MASCompositeConstraint.m in Sources */ = {isa = PBXBuildFile; fileRef = 84A397A4215F8A1800E9D15F /* MASCompositeConstraint.m */; };
		84A397B0215F8A1800E9D15F /* MASConstraintMaker.m in Sources */ = {isa = PBXBuildFile; fileRef = 84A397A5215F8A1800E9D15F /* MASConstraintMaker.m */; };
		84A397B1215F8A1800E9D15F /* MASLayoutConstraint.m in Sources */ = {isa = PBXBuildFile; fileRef = 84A397A6215F8A1800E9D15F /* MASLayoutConstraint.m */; };
		84A397B2215F8A1800E9D15F /* NSArray+MASAdditions.m in Sources */ = {isa = PBXBuildFile; fileRef = 84A397A7215F8A1800E9D15F /* NSArray+MASAdditions.m */; };
		84A397B3215F8A1800E9D15F /* View+MASAdditions.m in Sources */ = {isa = PBXBuildFile; fileRef = 84A397A8215F8A1800E9D15F /* View+MASAdditions.m */; };
		84A397B4215F8A1800E9D15F /* MASConstraint.m in Sources */ = {isa = PBXBuildFile; fileRef = 84A397AB215F8A1800E9D15F /* MASConstraint.m */; };
		84A397B5215F8A1800E9D15F /* MASViewConstraint.m in Sources */ = {isa = PBXBuildFile; fileRef = 84A397AC215F8A1800E9D15F /* MASViewConstraint.m */; };
		84A397B6215F8A1800E9D15F /* MASViewAttribute.m in Sources */ = {isa = PBXBuildFile; fileRef = 84A397AD215F8A1800E9D15F /* MASViewAttribute.m */; };
		84BB7AAE2151E57900B5876B /* AppDelegate.m in Sources */ = {isa = PBXBuildFile; fileRef = 84BB7AAD2151E57900B5876B /* AppDelegate.m */; };
		84BB7AB12151E57900B5876B /* ViewController.m in Sources */ = {isa = PBXBuildFile; fileRef = 84BB7AB02151E57900B5876B /* ViewController.m */; };
		84BB7AB42151E57900B5876B /* Main.storyboard in Resources */ = {isa = PBXBuildFile; fileRef = 84BB7AB22151E57900B5876B /* Main.storyboard */; };
		84BB7AB62151E57B00B5876B /* Assets.xcassets in Resources */ = {isa = PBXBuildFile; fileRef = 84BB7AB52151E57B00B5876B /* Assets.xcassets */; };
		84BB7AB92151E57B00B5876B /* LaunchScreen.storyboard in Resources */ = {isa = PBXBuildFile; fileRef = 84BB7AB72151E57B00B5876B /* LaunchScreen.storyboard */; };
		84BB7ABC2151E57B00B5876B /* main.m in Sources */ = {isa = PBXBuildFile; fileRef = 84BB7ABB2151E57B00B5876B /* main.m */; };
/* End PBXBuildFile section */

/* Begin PBXFileReference section */
		7E1F6D70216F9440005CADBE /* SampleAlignedLayout.h */ = {isa = PBXFileReference; fileEncoding = 4; lastKnownFileType = sourcecode.c.h; path = SampleAlignedLayout.h; sourceTree = "<group>"; };
		7E1F6D71216F9440005CADBE /* SampleViewController.m */ = {isa = PBXFileReference; fileEncoding = 4; lastKnownFileType = sourcecode.c.objc; path = SampleViewController.m; sourceTree = "<group>"; };
		7E1F6D72216F9441005CADBE /* SampleAlignedLayout.m */ = {isa = PBXFileReference; fileEncoding = 4; lastKnownFileType = sourcecode.c.objc; path = SampleAlignedLayout.m; sourceTree = "<group>"; };
		7E1F6D73216F9441005CADBE /* SampleViewController.h */ = {isa = PBXFileReference; fileEncoding = 4; lastKnownFileType = sourcecode.c.h; path = SampleViewController.h; sourceTree = "<group>"; };
		7E1F6D74216F9441005CADBE /* SampleTagCell.h */ = {isa = PBXFileReference; fileEncoding = 4; lastKnownFileType = sourcecode.c.h; path = SampleTagCell.h; sourceTree = "<group>"; };
		7E1F6D75216F9441005CADBE /* SampleTagCell.m */ = {isa = PBXFileReference; fileEncoding = 4; lastKnownFileType = sourcecode.c.objc; path = SampleTagCell.m; sourceTree = "<group>"; };
		7E78FF0A216CDE220013ED9F /* MyCollectionView.h */ = {isa = PBXFileReference; lastKnownFileType = sourcecode.c.h; path = MyCollectionView.h; sourceTree = "<group>"; };
		7E78FF0B216CDE220013ED9F /* MyCollectionView.m */ = {isa = PBXFileReference; lastKnownFileType = sourcecode.c.objc; path = MyCollectionView.m; sourceTree = "<group>"; };
		7E78FF12216D03970013ED9F /* SemiModalPresentationController.h */ = {isa = PBXFileReference; fileEncoding = 4; lastKnownFileType = sourcecode.c.h; path = SemiModalPresentationController.h; sourceTree = "<group>"; };
		7E78FF13216D03970013ED9F /* SemiModalPresentationController.m */ = {isa = PBXFileReference; fileEncoding = 4; lastKnownFileType = sourcecode.c.objc; path = SemiModalPresentationController.m; sourceTree = "<group>"; };
		7E78FF15216D03B20013ED9F /* TableViewController.h */ = {isa = PBXFileReference; lastKnownFileType = sourcecode.c.h; path = TableViewController.h; sourceTree = "<group>"; };
		7E78FF16216D03B20013ED9F /* TableViewController.m */ = {isa = PBXFileReference; lastKnownFileType = sourcecode.c.objc; path = TableViewController.m; sourceTree = "<group>"; };
		7EFD6F7F216E452200027384 /* AIMultiDelegate.h */ = {isa = PBXFileReference; fileEncoding = 4; lastKnownFileType = sourcecode.c.h; path = AIMultiDelegate.h; sourceTree = "<group>"; };
		7EFD6F80216E452200027384 /* AIMultiDelegate.m */ = {isa = PBXFileReference; fileEncoding = 4; lastKnownFileType = sourcecode.c.objc; path = AIMultiDelegate.m; sourceTree = "<group>"; };
		8459EED621746D5A00303525 /* SlideAnimatedTransitioning.m */ = {isa = PBXFileReference; fileEncoding = 4; lastKnownFileType = sourcecode.c.objc; path = SlideAnimatedTransitioning.m; sourceTree = "<group>"; };
		8459EED721746D5A00303525 /* SlideAnimatedTransitioning.h */ = {isa = PBXFileReference; fileEncoding = 4; lastKnownFileType = sourcecode.c.h; path = SlideAnimatedTransitioning.h; sourceTree = "<group>"; };
		8459EED921746FB400303525 /* BottomModalViewController.h */ = {isa = PBXFileReference; lastKnownFileType = sourcecode.c.h; path = BottomModalViewController.h; sourceTree = "<group>"; };
		8459EEDA21746FB400303525 /* BottomModalViewController.m */ = {isa = PBXFileReference; lastKnownFileType = sourcecode.c.objc; path = BottomModalViewController.m; sourceTree = "<group>"; };
		84758D39215B7A1B00E56BCA /* CardCell.h */ = {isa = PBXFileReference; lastKnownFileType = sourcecode.c.h; path = CardCell.h; sourceTree = "<group>"; };
		84758D3A215B7A1B00E56BCA /* CardCell.m */ = {isa = PBXFileReference; lastKnownFileType = sourcecode.c.objc; path = CardCell.m; sourceTree = "<group>"; };
		84758D3C215B7A4100E56BCA /* WalletLayout.h */ = {isa = PBXFileReference; lastKnownFileType = sourcecode.c.h; path = WalletLayout.h; sourceTree = "<group>"; };
		84758D3D215B7A4100E56BCA /* WalletLayout.m */ = {isa = PBXFileReference; lastKnownFileType = sourcecode.c.objc; path = WalletLayout.m; sourceTree = "<group>"; };
		84758D3F215B82BC00E56BCA /* CardLayoutAttributes.h */ = {isa = PBXFileReference; lastKnownFileType = sourcecode.c.h; path = CardLayoutAttributes.h; sourceTree = "<group>"; };
		84758D40215B82BC00E56BCA /* CardLayoutAttributes.m */ = {isa = PBXFileReference; lastKnownFileType = sourcecode.c.objc; path = CardLayoutAttributes.m; sourceTree = "<group>"; };
		84A39790215F897E00E9D15F /* FVTextField.m */ = {isa = PBXFileReference; fileEncoding = 4; lastKnownFileType = sourcecode.c.objc; path = FVTextField.m; sourceTree = "<group>"; };
		84A39793215F897E00E9D15F /* FVSmsCodeView.m */ = {isa = PBXFileReference; fileEncoding = 4; lastKnownFileType = sourcecode.c.objc; path = FVSmsCodeView.m; sourceTree = "<group>"; };
		84A39797215F8A1800E9D15F /* MASCompositeConstraint.h */ = {isa = PBXFileReference; fileEncoding = 4; lastKnownFileType = sourcecode.c.h; path = MASCompositeConstraint.h; sourceTree = "<group>"; };
		84A39798215F8A1800E9D15F /* NSLayoutConstraint+MASDebugAdditions.m */ = {isa = PBXFileReference; fileEncoding = 4; lastKnownFileType = sourcecode.c.objc; path = "NSLayoutConstraint+MASDebugAdditions.m"; sourceTree = "<group>"; };
		84A39799215F8A1800E9D15F /* MASConstraint+Private.h */ = {isa = PBXFileReference; fileEncoding = 4; lastKnownFileType = sourcecode.c.h; path = "MASConstraint+Private.h"; sourceTree = "<group>"; };
		84A3979A215F8A1800E9D15F /* MASLayoutConstraint.h */ = {isa = PBXFileReference; fileEncoding = 4; lastKnownFileType = sourcecode.c.h; path = MASLayoutConstraint.h; sourceTree = "<group>"; };
		84A3979B215F8A1800E9D15F /* NSArray+MASShorthandAdditions.h */ = {isa = PBXFileReference; fileEncoding = 4; lastKnownFileType = sourcecode.c.h; path = "NSArray+MASShorthandAdditions.h"; sourceTree = "<group>"; };
		84A3979C215F8A1800E9D15F /* MASConstraintMaker.h */ = {isa = PBXFileReference; fileEncoding = 4; lastKnownFileType = sourcecode.c.h; path = MASConstraintMaker.h; sourceTree = "<group>"; };
		84A3979D215F8A1800E9D15F /* View+MASAdditions.h */ = {isa = PBXFileReference; fileEncoding = 4; lastKnownFileType = sourcecode.c.h; path = "View+MASAdditions.h"; sourceTree = "<group>"; };
		84A3979E215F8A1800E9D15F /* NSArray+MASAdditions.h */ = {isa = PBXFileReference; fileEncoding = 4; lastKnownFileType = sourcecode.c.h; path = "NSArray+MASAdditions.h"; sourceTree = "<group>"; };
		84A3979F215F8A1800E9D15F /* MASUtilities.h */ = {isa = PBXFileReference; fileEncoding = 4; lastKnownFileType = sourcecode.c.h; path = MASUtilities.h; sourceTree = "<group>"; };
		84A397A0215F8A1800E9D15F /* MASViewAttribute.h */ = {isa = PBXFileReference; fileEncoding = 4; lastKnownFileType = sourcecode.c.h; path = MASViewAttribute.h; sourceTree = "<group>"; };
		84A397A1215F8A1800E9D15F /* MASViewConstraint.h */ = {isa = PBXFileReference; fileEncoding = 4; lastKnownFileType = sourcecode.c.h; path = MASViewConstraint.h; sourceTree = "<group>"; };
		84A397A2215F8A1800E9D15F /* MASConstraint.h */ = {isa = PBXFileReference; fileEncoding = 4; lastKnownFileType = sourcecode.c.h; path = MASConstraint.h; sourceTree = "<group>"; };
		84A397A3215F8A1800E9D15F /* NSLayoutConstraint+MASDebugAdditions.h */ = {isa = PBXFileReference; fileEncoding = 4; lastKnownFileType = sourcecode.c.h; path = "NSLayoutConstraint+MASDebugAdditions.h"; sourceTree = "<group>"; };
		84A397A4215F8A1800E9D15F /* MASCompositeConstraint.m */ = {isa = PBXFileReference; fileEncoding = 4; lastKnownFileType = sourcecode.c.objc; path = MASCompositeConstraint.m; sourceTree = "<group>"; };
		84A397A5215F8A1800E9D15F /* MASConstraintMaker.m */ = {isa = PBXFileReference; fileEncoding = 4; lastKnownFileType = sourcecode.c.objc; path = MASConstraintMaker.m; sourceTree = "<group>"; };
		84A397A6215F8A1800E9D15F /* MASLayoutConstraint.m */ = {isa = PBXFileReference; fileEncoding = 4; lastKnownFileType = sourcecode.c.objc; path = MASLayoutConstraint.m; sourceTree = "<group>"; };
		84A397A7215F8A1800E9D15F /* NSArray+MASAdditions.m */ = {isa = PBXFileReference; fileEncoding = 4; lastKnownFileType = sourcecode.c.objc; path = "NSArray+MASAdditions.m"; sourceTree = "<group>"; };
		84A397A8215F8A1800E9D15F /* View+MASAdditions.m */ = {isa = PBXFileReference; fileEncoding = 4; lastKnownFileType = sourcecode.c.objc; path = "View+MASAdditions.m"; sourceTree = "<group>"; };
		84A397A9215F8A1800E9D15F /* View+MASShorthandAdditions.h */ = {isa = PBXFileReference; fileEncoding = 4; lastKnownFileType = sourcecode.c.h; path = "View+MASShorthandAdditions.h"; sourceTree = "<group>"; };
		84A397AA215F8A1800E9D15F /* Masonry.h */ = {isa = PBXFileReference; fileEncoding = 4; lastKnownFileType = sourcecode.c.h; path = Masonry.h; sourceTree = "<group>"; };
		84A397AB215F8A1800E9D15F /* MASConstraint.m */ = {isa = PBXFileReference; fileEncoding = 4; lastKnownFileType = sourcecode.c.objc; path = MASConstraint.m; sourceTree = "<group>"; };
		84A397AC215F8A1800E9D15F /* MASViewConstraint.m */ = {isa = PBXFileReference; fileEncoding = 4; lastKnownFileType = sourcecode.c.objc; path = MASViewConstraint.m; sourceTree = "<group>"; };
		84A397AD215F8A1800E9D15F /* MASViewAttribute.m */ = {isa = PBXFileReference; fileEncoding = 4; lastKnownFileType = sourcecode.c.objc; path = MASViewAttribute.m; sourceTree = "<group>"; };
		84BB7AA92151E57900B5876B /* DemoPresentation.app */ = {isa = PBXFileReference; explicitFileType = wrapper.application; includeInIndex = 0; path = DemoPresentation.app; sourceTree = BUILT_PRODUCTS_DIR; };
		84BB7AAC2151E57900B5876B /* AppDelegate.h */ = {isa = PBXFileReference; lastKnownFileType = sourcecode.c.h; path = AppDelegate.h; sourceTree = "<group>"; };
		84BB7AAD2151E57900B5876B /* AppDelegate.m */ = {isa = PBXFileReference; lastKnownFileType = sourcecode.c.objc; path = AppDelegate.m; sourceTree = "<group>"; };
		84BB7AAF2151E57900B5876B /* ViewController.h */ = {isa = PBXFileReference; lastKnownFileType = sourcecode.c.h; path = ViewController.h; sourceTree = "<group>"; };
		84BB7AB02151E57900B5876B /* ViewController.m */ = {isa = PBXFileReference; lastKnownFileType = sourcecode.c.objc; path = ViewController.m; sourceTree = "<group>"; };
		84BB7AB32151E57900B5876B /* Base */ = {isa = PBXFileReference; lastKnownFileType = file.storyboard; name = Base; path = Base.lproj/Main.storyboard; sourceTree = "<group>"; };
		84BB7AB52151E57B00B5876B /* Assets.xcassets */ = {isa = PBXFileReference; lastKnownFileType = folder.assetcatalog; path = Assets.xcassets; sourceTree = "<group>"; };
		84BB7AB82151E57B00B5876B /* Base */ = {isa = PBXFileReference; lastKnownFileType = file.storyboard; name = Base; path = Base.lproj/LaunchScreen.storyboard; sourceTree = "<group>"; };
		84BB7ABA2151E57B00B5876B /* Info.plist */ = {isa = PBXFileReference; lastKnownFileType = text.plist.xml; path = Info.plist; sourceTree = "<group>"; };
		84BB7ABB2151E57B00B5876B /* main.m */ = {isa = PBXFileReference; lastKnownFileType = sourcecode.c.objc; path = main.m; sourceTree = "<group>"; };
/* End PBXFileReference section */

/* Begin PBXFrameworksBuildPhase section */
		84BB7AA62151E57900B5876B /* Frameworks */ = {
			isa = PBXFrameworksBuildPhase;
			buildActionMask = 2147483647;
			files = (
			);
			runOnlyForDeploymentPostprocessing = 0;
		};
/* End PBXFrameworksBuildPhase section */

/* Begin PBXGroup section */
		7E78FF11216CE5F10013ED9F /* Recovered References */ = {
			isa = PBXGroup;
			children = (
				84A39790215F897E00E9D15F /* FVTextField.m */,
				84A39793215F897E00E9D15F /* FVSmsCodeView.m */,
			);
			name = "Recovered References";
			sourceTree = "<group>";
		};
		7EFD6F7E216E452200027384 /* MultiDelegate */ = {
			isa = PBXGroup;
			children = (
				7EFD6F7F216E452200027384 /* AIMultiDelegate.h */,
				7EFD6F80216E452200027384 /* AIMultiDelegate.m */,
			);
			path = MultiDelegate;
			sourceTree = "<group>";
		};
		84A39796215F8A1800E9D15F /* Masonry */ = {
			isa = PBXGroup;
			children = (
				84A39797215F8A1800E9D15F /* MASCompositeConstraint.h */,
				84A39798215F8A1800E9D15F /* NSLayoutConstraint+MASDebugAdditions.m */,
				84A39799215F8A1800E9D15F /* MASConstraint+Private.h */,
				84A3979A215F8A1800E9D15F /* MASLayoutConstraint.h */,
				84A3979B215F8A1800E9D15F /* NSArray+MASShorthandAdditions.h */,
				84A3979C215F8A1800E9D15F /* MASConstraintMaker.h */,
				84A3979D215F8A1800E9D15F /* View+MASAdditions.h */,
				84A3979E215F8A1800E9D15F /* NSArray+MASAdditions.h */,
				84A3979F215F8A1800E9D15F /* MASUtilities.h */,
				84A397A0215F8A1800E9D15F /* MASViewAttribute.h */,
				84A397A1215F8A1800E9D15F /* MASViewConstraint.h */,
				84A397A2215F8A1800E9D15F /* MASConstraint.h */,
				84A397A3215F8A1800E9D15F /* NSLayoutConstraint+MASDebugAdditions.h */,
				84A397A4215F8A1800E9D15F /* MASCompositeConstraint.m */,
				84A397A5215F8A1800E9D15F /* MASConstraintMaker.m */,
				84A397A6215F8A1800E9D15F /* MASLayoutConstraint.m */,
				84A397A7215F8A1800E9D15F /* NSArray+MASAdditions.m */,
				84A397A8215F8A1800E9D15F /* View+MASAdditions.m */,
				84A397A9215F8A1800E9D15F /* View+MASShorthandAdditions.h */,
				84A397AA215F8A1800E9D15F /* Masonry.h */,
				84A397AB215F8A1800E9D15F /* MASConstraint.m */,
				84A397AC215F8A1800E9D15F /* MASViewConstraint.m */,
				84A397AD215F8A1800E9D15F /* MASViewAttribute.m */,
			);
			path = Masonry;
			sourceTree = "<group>";
		};
		84BB7AA02151E57900B5876B = {
			isa = PBXGroup;
			children = (
				84BB7AAB2151E57900B5876B /* DemoPresentation */,
				84BB7AAA2151E57900B5876B /* Products */,
				7E78FF11216CE5F10013ED9F /* Recovered References */,
			);
			sourceTree = "<group>";
		};
		84BB7AAA2151E57900B5876B /* Products */ = {
			isa = PBXGroup;
			children = (
				84BB7AA92151E57900B5876B /* DemoPresentation.app */,
			);
			name = Products;
			sourceTree = "<group>";
		};
		84BB7AAB2151E57900B5876B /* DemoPresentation */ = {
			isa = PBXGroup;
			children = (
				7EFD6F7E216E452200027384 /* MultiDelegate */,
				84A39796215F8A1800E9D15F /* Masonry */,
				84BB7AAC2151E57900B5876B /* AppDelegate.h */,
				84BB7AAD2151E57900B5876B /* AppDelegate.m */,
				7E1F6D73216F9441005CADBE /* SampleViewController.h */,
				7E1F6D71216F9440005CADBE /* SampleViewController.m */,
				7E1F6D70216F9440005CADBE /* SampleAlignedLayout.h */,
				7E1F6D72216F9441005CADBE /* SampleAlignedLayout.m */,
				7E1F6D74216F9441005CADBE /* SampleTagCell.h */,
				7E1F6D75216F9441005CADBE /* SampleTagCell.m */,
				7E78FF12216D03970013ED9F /* SemiModalPresentationController.h */,
				7E78FF13216D03970013ED9F /* SemiModalPresentationController.m */,
				8459EED721746D5A00303525 /* SlideAnimatedTransitioning.h */,
				8459EED621746D5A00303525 /* SlideAnimatedTransitioning.m */,
				84BB7AAF2151E57900B5876B /* ViewController.h */,
				84BB7AB02151E57900B5876B /* ViewController.m */,
				7E78FF15216D03B20013ED9F /* TableViewController.h */,
				7E78FF16216D03B20013ED9F /* TableViewController.m */,
				8459EED921746FB400303525 /* BottomModalViewController.h */,
				8459EEDA21746FB400303525 /* BottomModalViewController.m */,
				7E78FF0A216CDE220013ED9F /* MyCollectionView.h */,
				7E78FF0B216CDE220013ED9F /* MyCollectionView.m */,
				84BB7AB22151E57900B5876B /* Main.storyboard */,
				84BB7AB52151E57B00B5876B /* Assets.xcassets */,
				84BB7AB72151E57B00B5876B /* LaunchScreen.storyboard */,
				84BB7ABA2151E57B00B5876B /* Info.plist */,
				84BB7ABB2151E57B00B5876B /* main.m */,
				84758D39215B7A1B00E56BCA /* CardCell.h */,
				84758D3A215B7A1B00E56BCA /* CardCell.m */,
				84758D3C215B7A4100E56BCA /* WalletLayout.h */,
				84758D3D215B7A4100E56BCA /* WalletLayout.m */,
				84758D3F215B82BC00E56BCA /* CardLayoutAttributes.h */,
				84758D40215B82BC00E56BCA /* CardLayoutAttributes.m */,
			);
			path = DemoPresentation;
			sourceTree = "<group>";
		};
/* End PBXGroup section */

/* Begin PBXNativeTarget section */
		84BB7AA82151E57900B5876B /* DemoPresentation */ = {
			isa = PBXNativeTarget;
			buildConfigurationList = 84BB7ABF2151E57B00B5876B /* Build configuration list for PBXNativeTarget "DemoPresentation" */;
			buildPhases = (
				84BB7AA52151E57900B5876B /* Sources */,
				84BB7AA62151E57900B5876B /* Frameworks */,
				84BB7AA72151E57900B5876B /* Resources */,
			);
			buildRules = (
			);
			dependencies = (
			);
			name = DemoPresentation;
			productName = DemoPresentation;
			productReference = 84BB7AA92151E57900B5876B /* DemoPresentation.app */;
			productType = "com.apple.product-type.application";
		};
/* End PBXNativeTarget section */

/* Begin PBXProject section */
		84BB7AA12151E57900B5876B /* Project object */ = {
			isa = PBXProject;
			attributes = {
				LastUpgradeCheck = 0940;
				ORGANIZATIONNAME = "TD-tech";
				TargetAttributes = {
					84BB7AA82151E57900B5876B = {
						CreatedOnToolsVersion = 9.4.1;
					};
				};
			};
			buildConfigurationList = 84BB7AA42151E57900B5876B /* Build configuration list for PBXProject "DemoPresentation" */;
			compatibilityVersion = "Xcode 9.3";
			developmentRegion = en;
			hasScannedForEncodings = 0;
			knownRegions = (
				en,
				Base,
			);
			mainGroup = 84BB7AA02151E57900B5876B;
			productRefGroup = 84BB7AAA2151E57900B5876B /* Products */;
			projectDirPath = "";
			projectRoot = "";
			targets = (
				84BB7AA82151E57900B5876B /* DemoPresentation */,
			);
		};
/* End PBXProject section */

/* Begin PBXResourcesBuildPhase section */
		84BB7AA72151E57900B5876B /* Resources */ = {
			isa = PBXResourcesBuildPhase;
			buildActionMask = 2147483647;
			files = (
				84BB7AB92151E57B00B5876B /* LaunchScreen.storyboard in Resources */,
				84BB7AB62151E57B00B5876B /* Assets.xcassets in Resources */,
				84BB7AB42151E57900B5876B /* Main.storyboard in Resources */,
			);
			runOnlyForDeploymentPostprocessing = 0;
		};
/* End PBXResourcesBuildPhase section */

/* Begin PBXSourcesBuildPhase section */
		84BB7AA52151E57900B5876B /* Sources */ = {
			isa = PBXSourcesBuildPhase;
			buildActionMask = 2147483647;
			files = (
				84BB7AB12151E57900B5876B /* ViewController.m in Sources */,
				7E78FF0C216CDE220013ED9F /* MyCollectionView.m in Sources */,
				84BB7ABC2151E57B00B5876B /* main.m in Sources */,
				7E78FF14216D03970013ED9F /* SemiModalPresentationController.m in Sources */,
				84A397B2215F8A1800E9D15F /* NSArray+MASAdditions.m in Sources */,
				84A397AE215F8A1800E9D15F /* NSLayoutConstraint+MASDebugAdditions.m in Sources */,
				84A397B6215F8A1800E9D15F /* MASViewAttribute.m in Sources */,
				84758D41215B82BC00E56BCA /* CardLayoutAttributes.m in Sources */,
				7E1F6D78216F9441005CADBE /* SampleTagCell.m in Sources */,
				7E1F6D76216F9441005CADBE /* SampleViewController.m in Sources */,
				84A397B1215F8A1800E9D15F /* MASLayoutConstraint.m in Sources */,
				84A397B3215F8A1800E9D15F /* View+MASAdditions.m in Sources */,
				84A397AF215F8A1800E9D15F /* MASCompositeConstraint.m in Sources */,
				84BB7AAE2151E57900B5876B /* AppDelegate.m in Sources */,
				7EFD6F81216E452200027384 /* AIMultiDelegate.m in Sources */,
				84758D3B215B7A1B00E56BCA /* CardCell.m in Sources */,
				7E78FF17216D03B20013ED9F /* TableViewController.m in Sources */,
				8459EED821746D5A00303525 /* SlideAnimatedTransitioning.m in Sources */,
				84758D3E215B7A4100E56BCA /* WalletLayout.m in Sources */,
				7E1F6D77216F9441005CADBE /* SampleAlignedLayout.m in Sources */,
				84A397B0215F8A1800E9D15F /* MASConstraintMaker.m in Sources */,
				84A397B4215F8A1800E9D15F /* MASConstraint.m in Sources */,
				84A397B5215F8A1800E9D15F /* MASViewConstraint.m in Sources */,
				8459EEDB21746FB400303525 /* BottomModalViewController.m in Sources */,
			);
			runOnlyForDeploymentPostprocessing = 0;
		};
/* End PBXSourcesBuildPhase section */

/* Begin PBXVariantGroup section */
		84BB7AB22151E57900B5876B /* Main.storyboard */ = {
			isa = PBXVariantGroup;
			children = (
				84BB7AB32151E57900B5876B /* Base */,
			);
			name = Main.storyboard;
			sourceTree = "<group>";
		};
		84BB7AB72151E57B00B5876B /* LaunchScreen.storyboard */ = {
			isa = PBXVariantGroup;
			children = (
				84BB7AB82151E57B00B5876B /* Base */,
			);
			name = LaunchScreen.storyboard;
			sourceTree = "<group>";
		};
/* End PBXVariantGroup section */

/* Begin XCBuildConfiguration section */
		84BB7ABD2151E57B00B5876B /* Debug */ = {
			isa = XCBuildConfiguration;
			buildSettings = {
				ALWAYS_SEARCH_USER_PATHS = NO;
				CLANG_ANALYZER_NONNULL = YES;
				CLANG_ANALYZER_NUMBER_OBJECT_CONVERSION = YES_AGGRESSIVE;
				CLANG_CXX_LANGUAGE_STANDARD = "gnu++14";
				CLANG_CXX_LIBRARY = "libc++";
				CLANG_ENABLE_MODULES = YES;
				CLANG_ENABLE_OBJC_ARC = YES;
				CLANG_ENABLE_OBJC_WEAK = YES;
				CLANG_WARN_BLOCK_CAPTURE_AUTORELEASING = YES;
				CLANG_WARN_BOOL_CONVERSION = YES;
				CLANG_WARN_COMMA = YES;
				CLANG_WARN_CONSTANT_CONVERSION = YES;
				CLANG_WARN_DEPRECATED_OBJC_IMPLEMENTATIONS = YES;
				CLANG_WARN_DIRECT_OBJC_ISA_USAGE = YES_ERROR;
				CLANG_WARN_DOCUMENTATION_COMMENTS = YES;
				CLANG_WARN_EMPTY_BODY = YES;
				CLANG_WARN_ENUM_CONVERSION = YES;
				CLANG_WARN_INFINITE_RECURSION = YES;
				CLANG_WARN_INT_CONVERSION = YES;
				CLANG_WARN_NON_LITERAL_NULL_CONVERSION = YES;
				CLANG_WARN_OBJC_IMPLICIT_RETAIN_SELF = YES;
				CLANG_WARN_OBJC_LITERAL_CONVERSION = YES;
				CLANG_WARN_OBJC_ROOT_CLASS = YES_ERROR;
				CLANG_WARN_RANGE_LOOP_ANALYSIS = YES;
				CLANG_WARN_STRICT_PROTOTYPES = YES;
				CLANG_WARN_SUSPICIOUS_MOVE = YES;
				CLANG_WARN_UNGUARDED_AVAILABILITY = YES_AGGRESSIVE;
				CLANG_WARN_UNREACHABLE_CODE = YES;
				CLANG_WARN__DUPLICATE_METHOD_MATCH = YES;
				CODE_SIGN_IDENTITY = "iPhone Developer";
				COPY_PHASE_STRIP = NO;
				DEBUG_INFORMATION_FORMAT = dwarf;
				ENABLE_STRICT_OBJC_MSGSEND = YES;
				ENABLE_TESTABILITY = YES;
				GCC_C_LANGUAGE_STANDARD = gnu11;
				GCC_DYNAMIC_NO_PIC = NO;
				GCC_NO_COMMON_BLOCKS = YES;
				GCC_OPTIMIZATION_LEVEL = 0;
				GCC_PREPROCESSOR_DEFINITIONS = (
					"DEBUG=1",
					"$(inherited)",
				);
				GCC_WARN_64_TO_32_BIT_CONVERSION = YES;
				GCC_WARN_ABOUT_RETURN_TYPE = YES_ERROR;
				GCC_WARN_UNDECLARED_SELECTOR = YES;
				GCC_WARN_UNINITIALIZED_AUTOS = YES_AGGRESSIVE;
				GCC_WARN_UNUSED_FUNCTION = YES;
				GCC_WARN_UNUSED_VARIABLE = YES;
				IPHONEOS_DEPLOYMENT_TARGET = 10.0;
				MTL_ENABLE_DEBUG_INFO = YES;
				ONLY_ACTIVE_ARCH = YES;
				SDKROOT = iphoneos;
			};
			name = Debug;
		};
		84BB7ABE2151E57B00B5876B /* Release */ = {
			isa = XCBuildConfiguration;
			buildSettings = {
				ALWAYS_SEARCH_USER_PATHS = NO;
				CLANG_ANALYZER_NONNULL = YES;
				CLANG_ANALYZER_NUMBER_OBJECT_CONVERSION = YES_AGGRESSIVE;
				CLANG_CXX_LANGUAGE_STANDARD = "gnu++14";
				CLANG_CXX_LIBRARY = "libc++";
				CLANG_ENABLE_MODULES = YES;
				CLANG_ENABLE_OBJC_ARC = YES;
				CLANG_ENABLE_OBJC_WEAK = YES;
				CLANG_WARN_BLOCK_CAPTURE_AUTORELEASING = YES;
				CLANG_WARN_BOOL_CONVERSION = YES;
				CLANG_WARN_COMMA = YES;
				CLANG_WARN_CONSTANT_CONVERSION = YES;
				CLANG_WARN_DEPRECATED_OBJC_IMPLEMENTATIONS = YES;
				CLANG_WARN_DIRECT_OBJC_ISA_USAGE = YES_ERROR;
				CLANG_WARN_DOCUMENTATION_COMMENTS = YES;
				CLANG_WARN_EMPTY_BODY = YES;
				CLANG_WARN_ENUM_CONVERSION = YES;
				CLANG_WARN_INFINITE_RECURSION = YES;
				CLANG_WARN_INT_CONVERSION = YES;
				CLANG_WARN_NON_LITERAL_NULL_CONVERSION = YES;
				CLANG_WARN_OBJC_IMPLICIT_RETAIN_SELF = YES;
				CLANG_WARN_OBJC_LITERAL_CONVERSION = YES;
				CLANG_WARN_OBJC_ROOT_CLASS = YES_ERROR;
				CLANG_WARN_RANGE_LOOP_ANALYSIS = YES;
				CLANG_WARN_STRICT_PROTOTYPES = YES;
				CLANG_WARN_SUSPICIOUS_MOVE = YES;
				CLANG_WARN_UNGUARDED_AVAILABILITY = YES_AGGRESSIVE;
				CLANG_WARN_UNREACHABLE_CODE = YES;
				CLANG_WARN__DUPLICATE_METHOD_MATCH = YES;
				CODE_SIGN_IDENTITY = "iPhone Developer";
				COPY_PHASE_STRIP = NO;
				DEBUG_INFORMATION_FORMAT = "dwarf-with-dsym";
				ENABLE_NS_ASSERTIONS = NO;
				ENABLE_STRICT_OBJC_MSGSEND = YES;
				GCC_C_LANGUAGE_STANDARD = gnu11;
				GCC_NO_COMMON_BLOCKS = YES;
				GCC_WARN_64_TO_32_BIT_CONVERSION = YES;
				GCC_WARN_ABOUT_RETURN_TYPE = YES_ERROR;
				GCC_WARN_UNDECLARED_SELECTOR = YES;
				GCC_WARN_UNINITIALIZED_AUTOS = YES_AGGRESSIVE;
				GCC_WARN_UNUSED_FUNCTION = YES;
				GCC_WARN_UNUSED_VARIABLE = YES;
				IPHONEOS_DEPLOYMENT_TARGET = 10.0;
				MTL_ENABLE_DEBUG_INFO = NO;
				SDKROOT = iphoneos;
				VALIDATE_PRODUCT = YES;
			};
			name = Release;
		};
		84BB7AC02151E57B00B5876B /* Debug */ = {
			isa = XCBuildConfiguration;
			buildSettings = {
				ASSETCATALOG_COMPILER_APPICON_NAME = AppIcon;
				CODE_SIGN_STYLE = Automatic;
				DEVELOPMENT_TEAM = 4E86YQZE64;
				INFOPLIST_FILE = DemoPresentation/Info.plist;
				LD_RUNPATH_SEARCH_PATHS = (
					"$(inherited)",
					"@executable_path/Frameworks",
				);
				PRODUCT_BUNDLE_IDENTIFIER = com.yilos.DemoPresentation;
				PRODUCT_NAME = "$(TARGET_NAME)";
				TARGETED_DEVICE_FAMILY = "1,2";
			};
			name = Debug;
		};
		84BB7AC12151E57B00B5876B /* Release */ = {
			isa = XCBuildConfiguration;
			buildSettings = {
				ASSETCATALOG_COMPILER_APPICON_NAME = AppIcon;
				CODE_SIGN_STYLE = Automatic;
				DEVELOPMENT_TEAM = 4E86YQZE64;
				INFOPLIST_FILE = DemoPresentation/Info.plist;
				LD_RUNPATH_SEARCH_PATHS = (
					"$(inherited)",
					"@executable_path/Frameworks",
				);
				PRODUCT_BUNDLE_IDENTIFIER = com.yilos.DemoPresentation;
				PRODUCT_NAME = "$(TARGET_NAME)";
				TARGETED_DEVICE_FAMILY = "1,2";
			};
			name = Release;
		};
/* End XCBuildConfiguration section */

/* Begin XCConfigurationList section */
		84BB7AA42151E57900B5876B /* Build configuration list for PBXProject "DemoPresentation" */ = {
			isa = XCConfigurationList;
			buildConfigurations = (
				84BB7ABD2151E57B00B5876B /* Debug */,
				84BB7ABE2151E57B00B5876B /* Release */,
			);
			defaultConfigurationIsVisible = 0;
			defaultConfigurationName = Release;
		};
		84BB7ABF2151E57B00B5876B /* Build configuration list for PBXNativeTarget "DemoPresentation" */ = {
			isa = XCConfigurationList;
			buildConfigurations = (
				84BB7AC02151E57B00B5876B /* Debug */,
				84BB7AC12151E57B00B5876B /* Release */,
			);
			defaultConfigurationIsVisible = 0;
			defaultConfigurationName = Release;
		};
/* End XCConfigurationList section */
	};
	rootObject = 84BB7AA12151E57900B5876B /* Project object */;
}
